{
  "name": "Jobboard",
  "lockfileVersion": 3,
  "requires": true,
  "packages": {
    "": {
      "dependencies": {
        "@lexical/list": "^0.38.2"
      }
    },
    "node_modules/@lexical/clipboard": {
      "version": "0.38.2",
      "resolved": "https://registry.npmjs.org/@lexical/clipboard/-/clipboard-0.38.2.tgz",
      "integrity": "sha512-dDShUplCu8/o6BB9ousr3uFZ9bltR+HtleF/Tl8FXFNPpZ4AXhbLKUoJuucRuIr+zqT7RxEv/3M6pk/HEoE6NQ==",
      "license": "MIT",
      "dependencies": {
        "@lexical/html": "0.38.2",
        "@lexical/list": "0.38.2",
        "@lexical/selection": "0.38.2",
        "@lexical/utils": "0.38.2",
        "lexical": "0.38.2"
      }
    },
    "node_modules/@lexical/extension": {
      "version": "0.38.2",
      "resolved": "https://registry.npmjs.org/@lexical/extension/-/extension-0.38.2.tgz",
      "integrity": "sha512-qbUNxEVjAC0kxp7hEMTzktj0/51SyJoIJWK6Gm790b4yNBq82fEPkksfuLkRg9VQUteD0RT1Nkjy8pho8nNamw==",
      "license": "MIT",
      "dependencies": {
        "@lexical/utils": "0.38.2",
        "@preact/signals-core": "^1.11.0",
        "lexical": "0.38.2"
      }
    },
    "node_modules/@lexical/html": {
      "version": "0.38.2",
      "resolved": "https://registry.npmjs.org/@lexical/html/-/html-0.38.2.tgz",
      "integrity": "sha512-pC5AV+07bmHistRwgG3NJzBMlIzSdxYO6rJU4eBNzyR4becdiLsI4iuv+aY7PhfSv+SCs7QJ9oc4i5caq48Pkg==",
      "license": "MIT",
      "dependencies": {
        "@lexical/selection": "0.38.2",
        "@lexical/utils": "0.38.2",
        "lexical": "0.38.2"
      }
    },
    "node_modules/@lexical/list": {
      "version": "0.38.2",
      "resolved": "https://registry.npmjs.org/@lexical/list/-/list-0.38.2.tgz",
      "integrity": "sha512-OQm9TzatlMrDZGxMxbozZEHzMJhKxAbH1TOnOGyFfzpfjbnFK2y8oLeVsfQZfZRmiqQS4Qc/rpFnRP2Ax5dsbA==",
      "license": "MIT",
      "dependencies": {
        "@lexical/extension": "0.38.2",
        "@lexical/selection": "0.38.2",
        "@lexical/utils": "0.38.2",
        "lexical": "0.38.2"
      }
    },
    "node_modules/@lexical/selection": {
      "version": "0.38.2",
      "resolved": "https://registry.npmjs.org/@lexical/selection/-/selection-0.38.2.tgz",
      "integrity": "sha512-eMFiWlBH6bEX9U9sMJ6PXPxVXTrihQfFeiIlWLuTpEIDF2HRz7Uo1KFRC/yN6q0DQaj7d9NZYA6Mei5DoQuz5w==",
      "license": "MIT",
      "dependencies": {
        "lexical": "0.38.2"
      }
    },
    "node_modules/@lexical/table": {
      "version": "0.38.2",
      "resolved": "https://registry.npmjs.org/@lexical/table/-/table-0.38.2.tgz",
      "integrity": "sha512-uu0i7yz0nbClmHOO5ZFsinRJE6vQnFz2YPblYHAlNigiBedhqMwSv5bedrzDq8nTTHwych3mC63tcyKIrM+I1g==",
      "license": "MIT",
      "dependencies": {
        "@lexical/clipboard": "0.38.2",
        "@lexical/extension": "0.38.2",
        "@lexical/utils": "0.38.2",
        "lexical": "0.38.2"
      }
    },
    "node_modules/@lexical/utils": {
      "version": "0.38.2",
      "resolved": "https://registry.npmjs.org/@lexical/utils/-/utils-0.38.2.tgz",
      "integrity": "sha512-y+3rw15r4oAWIEXicUdNjfk8018dbKl7dWHqGHVEtqzAYefnEYdfD2FJ5KOTXfeoYfxi8yOW7FvzS4NZDi8Bfw==",
      "license": "MIT",
      "dependencies": {
        "@lexical/list": "0.38.2",
        "@lexical/selection": "0.38.2",
        "@lexical/table": "0.38.2",
        "lexical": "0.38.2"
      }
    },
    "node_modules/@preact/signals-core": {
      "version": "1.12.1",
      "resolved": "https://registry.npmjs.org/@preact/signals-core/-/signals-core-1.12.1.tgz",
      "integrity": "sha512-BwbTXpj+9QutoZLQvbttRg5x3l5468qaV2kufh+51yha1c53ep5dY4kTuZR35+3pAZxpfQerGJiQqg34ZNZ6uA==",
      "license": "MIT",
      "funding": {
        "type": "opencollective",
        "url": "https://opencollective.com/preact"
      }
    },
    "node_modules/lexical": {
      "version": "0.38.2",
      "resolved": "https://registry.npmjs.org/lexical/-/lexical-0.38.2.tgz",
      "integrity": "sha512-JJmfsG3c4gwBHzUGffbV7ifMNkKAWMCnYE3xJl87gty7hjyV5f3xq7eqTjP5HFYvO4XpjJvvWO2/djHp5S10tw==",
      "license": "MIT"
    }
  }
}
